// !$*UTF8*$!
{
	archiveVersion = 1;
	classes = {
	};
	objectVersion = 56;
	objects = {

/* Begin PBXBuildFile section */
		B744C078295B92B400C046C1 /* AppDelegate.swift in Sources */ = {isa = PBXBuildFile; fileRef = B744C077295B92B400C046C1 /* AppDelegate.swift */; };
		B744C07A295B92B400C046C1 /* SceneDelegate.swift in Sources */ = {isa = PBXBuildFile; fileRef = B744C079295B92B400C046C1 /* SceneDelegate.swift */; };
		B744C07C295B92B400C046C1 /* MainViewController.swift in Sources */ = {isa = PBXBuildFile; fileRef = B744C07B295B92B400C046C1 /* MainViewController.swift */; };
		B744C081295B92B500C046C1 /* Assets.xcassets in Resources */ = {isa = PBXBuildFile; fileRef = B744C080295B92B500C046C1 /* Assets.xcassets */; };
		B744C084295B92B500C046C1 /* LaunchScreen.storyboard in Resources */ = {isa = PBXBuildFile; fileRef = B744C082295B92B500C046C1 /* LaunchScreen.storyboard */; };
		B744C092295B960800C046C1 /* KeyboardView.swift in Sources */ = {isa = PBXBuildFile; fileRef = B744C091295B960800C046C1 /* KeyboardView.swift */; };
		B744C094295BAE0200C046C1 /* KeyCell.swift in Sources */ = {isa = PBXBuildFile; fileRef = B744C093295BAE0200C046C1 /* KeyCell.swift */; };
		B744C096295CF6BE00C046C1 /* BoardView.swift in Sources */ = {isa = PBXBuildFile; fileRef = B744C095295CF6BE00C046C1 /* BoardView.swift */; };
		B744C098295D097400C046C1 /* Cell.swift in Sources */ = {isa = PBXBuildFile; fileRef = B744C097295D097400C046C1 /* Cell.swift */; };
/* End PBXBuildFile section */

/* Begin PBXFileReference section */
		B744C074295B92B400C046C1 /* WordleClone.app */ = {isa = PBXFileReference; explicitFileType = wrapper.application; includeInIndex = 0; path = WordleClone.app; sourceTree = BUILT_PRODUCTS_DIR; };
		B744C077295B92B400C046C1 /* AppDelegate.swift */ = {isa = PBXFileReference; lastKnownFileType = sourcecode.swift; path = AppDelegate.swift; sourceTree = "<group>"; };
		B744C079295B92B400C046C1 /* SceneDelegate.swift */ = {isa = PBXFileReference; lastKnownFileType = sourcecode.swift; path = SceneDelegate.swift; sourceTree = "<group>"; };
		B744C07B295B92B400C046C1 /* MainViewController.swift */ = {isa = PBXFileReference; lastKnownFileType = sourcecode.swift; path = MainViewController.swift; sourceTree = "<group>"; };
		B744C080295B92B500C046C1 /* Assets.xcassets */ = {isa = PBXFileReference; lastKnownFileType = folder.assetcatalog; path = Assets.xcassets; sourceTree = "<group>"; };
		B744C083295B92B500C046C1 /* Base */ = {isa = PBXFileReference; lastKnownFileType = file.storyboard; name = Base; path = Base.lproj/LaunchScreen.storyboard; sourceTree = "<group>"; };
		B744C085295B92B500C046C1 /* Info.plist */ = {isa = PBXFileReference; lastKnownFileType = text.plist.xml; path = Info.plist; sourceTree = "<group>"; };
		B744C091295B960800C046C1 /* KeyboardView.swift */ = {isa = PBXFileReference; lastKnownFileType = sourcecode.swift; path = KeyboardView.swift; sourceTree = "<group>"; };
		B744C093295BAE0200C046C1 /* KeyCell.swift */ = {isa = PBXFileReference; lastKnownFileType = sourcecode.swift; path = KeyCell.swift; sourceTree = "<group>"; };
		B744C095295CF6BE00C046C1 /* BoardView.swift */ = {isa = PBXFileReference; lastKnownFileType = sourcecode.swift; path = BoardView.swift; sourceTree = "<group>"; };
		B744C097295D097400C046C1 /* Cell.swift */ = {isa = PBXFileReference; lastKnownFileType = sourcecode.swift; path = Cell.swift; sourceTree = "<group>"; };
/* End PBXFileReference section */

/* Begin PBXFrameworksBuildPhase section */
		B744C071295B92B400C046C1 /* Frameworks */ = {
			isa = PBXFrameworksBuildPhase;
			buildActionMask = 2147483647;
			files = (
			);
			runOnlyForDeploymentPostprocessing = 0;
		};
/* End PBXFrameworksBuildPhase section */

/* Begin PBXGroup section */
		B744C06B295B92B400C046C1 = {
			isa = PBXGroup;
			children = (
				B744C076295B92B400C046C1 /* WordleClone */,
				B744C075295B92B400C046C1 /* Products */,
			);
			sourceTree = "<group>";
		};
		B744C075295B92B400C046C1 /* Products */ = {
			isa = PBXGroup;
			children = (
				B744C074295B92B400C046C1 /* WordleClone.app */,
			);
			name = Products;
			sourceTree = "<group>";
		};
		B744C076295B92B400C046C1 /* WordleClone */ = {
			isa = PBXGroup;
			children = (
				B744C090295B946D00C046C1 /* API */,
				B744C08F295B944800C046C1 /* Model */,
				B744C08E295B944500C046C1 /* View */,
				B744C08D295B943D00C046C1 /* Controller */,
				B744C077295B92B400C046C1 /* AppDelegate.swift */,
				B744C079295B92B400C046C1 /* SceneDelegate.swift */,
				B744C080295B92B500C046C1 /* Assets.xcassets */,
				B744C082295B92B500C046C1 /* LaunchScreen.storyboard */,
				B744C085295B92B500C046C1 /* Info.plist */,
			);
			path = WordleClone;
			sourceTree = "<group>";
		};
		B744C08D295B943D00C046C1 /* Controller */ = {
			isa = PBXGroup;
			children = (
				B744C07B295B92B400C046C1 /* MainViewController.swift */,
			);
			path = Controller;
			sourceTree = "<group>";
		};
		B744C08E295B944500C046C1 /* View */ = {
			isa = PBXGroup;
			children = (
				B744C091295B960800C046C1 /* KeyboardView.swift */,
				B744C093295BAE0200C046C1 /* KeyCell.swift */,
				B744C095295CF6BE00C046C1 /* BoardView.swift */,
			);
			path = View;
			sourceTree = "<group>";
		};
		B744C08F295B944800C046C1 /* Model */ = {
			isa = PBXGroup;
			children = (
				B744C097295D097400C046C1 /* Cell.swift */,
			);
			path = Model;
			sourceTree = "<group>";
		};
		B744C090295B946D00C046C1 /* API */ = {
			isa = PBXGroup;
			children = (
			);
			path = API;
			sourceTree = "<group>";
		};
/* End PBXGroup section */

/* Begin PBXNativeTarget section */
		B744C073295B92B400C046C1 /* WordleClone */ = {
			isa = PBXNativeTarget;
			buildConfigurationList = B744C088295B92B500C046C1 /* Build configuration list for PBXNativeTarget "WordleClone" */;
			buildPhases = (
				B744C070295B92B400C046C1 /* Sources */,
				B744C071295B92B400C046C1 /* Frameworks */,
				B744C072295B92B400C046C1 /* Resources */,
			);
			buildRules = (
			);
			dependencies = (
			);
			name = WordleClone;
			productName = WordleClone;
			productReference = B744C074295B92B400C046C1 /* WordleClone.app */;
			productType = "com.apple.product-type.application";
		};
/* End PBXNativeTarget section */

/* Begin PBXProject section */
		B744C06C295B92B400C046C1 /* Project object */ = {
			isa = PBXProject;
			attributes = {
				BuildIndependentTargetsInParallel = 1;
				LastSwiftUpdateCheck = 1400;
				LastUpgradeCheck = 1400;
				TargetAttributes = {
					B744C073295B92B400C046C1 = {
						CreatedOnToolsVersion = 14.0;
					};
				};
			};
			buildConfigurationList = B744C06F295B92B400C046C1 /* Build configuration list for PBXProject "WordleClone" */;
			compatibilityVersion = "Xcode 14.0";
			developmentRegion = en;
			hasScannedForEncodings = 0;
			knownRegions = (
				en,
				Base,
			);
			mainGroup = B744C06B295B92B400C046C1;
			productRefGroup = B744C075295B92B400C046C1 /* Products */;
			projectDirPath = "";
			projectRoot = "";
			targets = (
				B744C073295B92B400C046C1 /* WordleClone */,
			);
		};
/* End PBXProject section */

/* Begin PBXResourcesBuildPhase section */
		B744C072295B92B400C046C1 /* Resources */ = {
			isa = PBXResourcesBuildPhase;
			buildActionMask = 2147483647;
			files = (
				B744C084295B92B500C046C1 /* LaunchScreen.storyboard in Resources */,
				B744C081295B92B500C046C1 /* Assets.xcassets in Resources */,
			);
			runOnlyForDeploymentPostprocessing = 0;
		};
/* End PBXResourcesBuildPhase section */

/* Begin PBXSourcesBuildPhase section */
		B744C070295B92B400C046C1 /* Sources */ = {
			isa = PBXSourcesBuildPhase;
			buildActionMask = 2147483647;
			files = (
				B744C07C295B92B400C046C1 /* MainViewController.swift in Sources */,
				B744C092295B960800C046C1 /* KeyboardView.swift in Sources */,
				B744C098295D097400C046C1 /* Cell.swift in Sources */,
				B744C078295B92B400C046C1 /* AppDelegate.swift in Sources */,
				B744C096295CF6BE00C046C1 /* BoardView.swift in Sources */,
				B744C07A295B92B400C046C1 /* SceneDelegate.swift in Sources */,
				B744C094295BAE0200C046C1 /* KeyCell.swift in Sources */,
			);
			runOnlyForDeploymentPostprocessing = 0;
		};
/* End PBXSourcesBuildPhase section */

/* Begin PBXVariantGroup section */
		B744C082295B92B500C046C1 /* LaunchScreen.storyboard */ = {
			isa = PBXVariantGroup;
			children = (
				B744C083295B92B500C046C1 /* Base */,
			);
			name = LaunchScreen.storyboard;
			sourceTree = "<group>";
		};
/* End PBXVariantGroup section */

/* Begin XCBuildConfiguration section */
		B744C086295B92B500C046C1 /* Debug */ = {
			isa = XCBuildConfiguration;
			buildSettings = {
				ALWAYS_SEARCH_USER_PATHS = NO;
				CLANG_ANALYZER_NONNULL = YES;
				CLANG_ANALYZER_NUMBER_OBJECT_CONVERSION = YES_AGGRESSIVE;
				CLANG_CXX_LANGUAGE_STANDARD = "gnu++20";
				CLANG_ENABLE_MODULES = YES;
				CLANG_ENABLE_OBJC_ARC = YES;
				CLANG_ENABLE_OBJC_WEAK = YES;
				CLANG_WARN_BLOCK_CAPTURE_AUTORELEASING = YES;
				CLANG_WARN_BOOL_CONVERSION = YES;
				CLANG_WARN_COMMA = YES;
				CLANG_WARN_CONSTANT_CONVERSION = YES;
				CLANG_WARN_DEPRECATED_OBJC_IMPLEMENTATIONS = YES;
				CLANG_WARN_DIRECT_OBJC_ISA_USAGE = YES_ERROR;
				CLANG_WARN_DOCUMENTATION_COMMENTS = YES;
				CLANG_WARN_EMPTY_BODY = YES;
				CLANG_WARN_ENUM_CONVERSION = YES;
				CLANG_WARN_INFINITE_RECURSION = YES;
				CLANG_WARN_INT_CONVERSION = YES;
				CLANG_WARN_NON_LITERAL_NULL_CONVERSION = YES;
				CLANG_WARN_OBJC_IMPLICIT_RETAIN_SELF = YES;
				CLANG_WARN_OBJC_LITERAL_CONVERSION = YES;
				CLANG_WARN_OBJC_ROOT_CLASS = YES_ERROR;
				CLANG_WARN_QUOTED_INCLUDE_IN_FRAMEWORK_HEADER = YES;
				CLANG_WARN_RANGE_LOOP_ANALYSIS = YES;
				CLANG_WARN_STRICT_PROTOTYPES = YES;
				CLANG_WARN_SUSPICIOUS_MOVE = YES;
				CLANG_WARN_UNGUARDED_AVAILABILITY = YES_AGGRESSIVE;
				CLANG_WARN_UNREACHABLE_CODE = YES;
				CLANG_WARN__DUPLICATE_METHOD_MATCH = YES;
				COPY_PHASE_STRIP = NO;
				DEBUG_INFORMATION_FORMAT = dwarf;
				ENABLE_STRICT_OBJC_MSGSEND = YES;
				ENABLE_TESTABILITY = YES;
				GCC_C_LANGUAGE_STANDARD = gnu11;
				GCC_DYNAMIC_NO_PIC = NO;
				GCC_NO_COMMON_BLOCKS = YES;
				GCC_OPTIMIZATION_LEVEL = 0;
				GCC_PREPROCESSOR_DEFINITIONS = (
					"DEBUG=1",
					"$(inherited)",
				);
				GCC_WARN_64_TO_32_BIT_CONVERSION = YES;
				GCC_WARN_ABOUT_RETURN_TYPE = YES_ERROR;
				GCC_WARN_UNDECLARED_SELECTOR = YES;
				GCC_WARN_UNINITIALIZED_AUTOS = YES_AGGRESSIVE;
				GCC_WARN_UNUSED_FUNCTION = YES;
				GCC_WARN_UNUSED_VARIABLE = YES;
				IPHONEOS_DEPLOYMENT_TARGET = 16.0;
				MTL_ENABLE_DEBUG_INFO = INCLUDE_SOURCE;
				MTL_FAST_MATH = YES;
				ONLY_ACTIVE_ARCH = YES;
				SDKROOT = iphoneos;
				SWIFT_ACTIVE_COMPILATION_CONDITIONS = DEBUG;
				SWIFT_OPTIMIZATION_LEVEL = "-Onone";
			};
			name = Debug;
		};
		B744C087295B92B500C046C1 /* Release */ = {
			isa = XCBuildConfiguration;
			buildSettings = {
				ALWAYS_SEARCH_USER_PATHS = NO;
				CLANG_ANALYZER_NONNULL = YES;
				CLANG_ANALYZER_NUMBER_OBJECT_CONVERSION = YES_AGGRESSIVE;
				CLANG_CXX_LANGUAGE_STANDARD = "gnu++20";
				CLANG_ENABLE_MODULES = YES;
				CLANG_ENABLE_OBJC_ARC = YES;
				CLANG_ENABLE_OBJC_WEAK = YES;
				CLANG_WARN_BLOCK_CAPTURE_AUTORELEASING = YES;
				CLANG_WARN_BOOL_CONVERSION = YES;
				CLANG_WARN_COMMA = YES;
				CLANG_WARN_CONSTANT_CONVERSION = YES;
				CLANG_WARN_DEPRECATED_OBJC_IMPLEMENTATIONS = YES;
				CLANG_WARN_DIRECT_OBJC_ISA_USAGE = YES_ERROR;
				CLANG_WARN_DOCUMENTATION_COMMENTS = YES;
				CLANG_WARN_EMPTY_BODY = YES;
				CLANG_WARN_ENUM_CONVERSION = YES;
				CLANG_WARN_INFINITE_RECURSION = YES;
				CLANG_WARN_INT_CONVERSION = YES;
				CLANG_WARN_NON_LITERAL_NULL_CONVERSION = YES;
				CLANG_WARN_OBJC_IMPLICIT_RETAIN_SELF = YES;
				CLANG_WARN_OBJC_LITERAL_CONVERSION = YES;
				CLANG_WARN_OBJC_ROOT_CLASS = YES_ERROR;
				CLANG_WARN_QUOTED_INCLUDE_IN_FRAMEWORK_HEADER = YES;
				CLANG_WARN_RANGE_LOOP_ANALYSIS = YES;
				CLANG_WARN_STRICT_PROTOTYPES = YES;
				CLANG_WARN_SUSPICIOUS_MOVE = YES;
				CLANG_WARN_UNGUARDED_AVAILABILITY = YES_AGGRESSIVE;
				CLANG_WARN_UNREACHABLE_CODE = YES;
				CLANG_WARN__DUPLICATE_METHOD_MATCH = YES;
				COPY_PHASE_STRIP = NO;
				DEBUG_INFORMATION_FORMAT = "dwarf-with-dsym";
				ENABLE_NS_ASSERTIONS = NO;
				ENABLE_STRICT_OBJC_MSGSEND = YES;
				GCC_C_LANGUAGE_STANDARD = gnu11;
				GCC_NO_COMMON_BLOCKS = YES;
				GCC_WARN_64_TO_32_BIT_CONVERSION = YES;
				GCC_WARN_ABOUT_RETURN_TYPE = YES_ERROR;
				GCC_WARN_UNDECLARED_SELECTOR = YES;
				GCC_WARN_UNINITIALIZED_AUTOS = YES_AGGRESSIVE;
				GCC_WARN_UNUSED_FUNCTION = YES;
				GCC_WARN_UNUSED_VARIABLE = YES;
				IPHONEOS_DEPLOYMENT_TARGET = 16.0;
				MTL_ENABLE_DEBUG_INFO = NO;
				MTL_FAST_MATH = YES;
				SDKROOT = iphoneos;
				SWIFT_COMPILATION_MODE = wholemodule;
				SWIFT_OPTIMIZATION_LEVEL = "-O";
				VALIDATE_PRODUCT = YES;
			};
			name = Release;
		};
		B744C089295B92B500C046C1 /* Debug */ = {
			isa = XCBuildConfiguration;
			buildSettings = {
				ASSETCATALOG_COMPILER_APPICON_NAME = AppIcon;
				ASSETCATALOG_COMPILER_GLOBAL_ACCENT_COLOR_NAME = AccentColor;
				CODE_SIGN_STYLE = Automatic;
				CURRENT_PROJECT_VERSION = 1;
				DEVELOPMENT_TEAM = 2V54FBNXT7;
				GENERATE_INFOPLIST_FILE = YES;
				INFOPLIST_FILE = WordleClone/Info.plist;
				INFOPLIST_KEY_UIApplicationSupportsIndirectInputEvents = YES;
				INFOPLIST_KEY_UILaunchStoryboardName = LaunchScreen;
				INFOPLIST_KEY_UISupportedInterfaceOrientations_iPad = "UIInterfaceOrientationPortrait UIInterfaceOrientationPortraitUpsideDown UIInterfaceOrientationLandscapeLeft UIInterfaceOrientationLandscapeRight";
				INFOPLIST_KEY_UISupportedInterfaceOrientations_iPhone = "UIInterfaceOrientationPortrait UIInterfaceOrientationLandscapeLeft UIInterfaceOrientationLandscapeRight";
				LD_RUNPATH_SEARCH_PATHS = (
					"$(inherited)",
					"@executable_path/Frameworks",
				);
				MARKETING_VERSION = 1.0;
				PRODUCT_BUNDLE_IDENTIFIER = juhaszistvan.WordleClone;
				PRODUCT_NAME = "$(TARGET_NAME)";
				SWIFT_EMIT_LOC_STRINGS = YES;
				SWIFT_VERSION = 5.0;
				TARGETED_DEVICE_FAMILY = "1,2";
			};
			name = Debug;
		};
		B744C08A295B92B500C046C1 /* Release */ = {
			isa = XCBuildConfiguration;
			buildSettings = {
				ASSETCATALOG_COMPILER_APPICON_NAME = AppIcon;
				ASSETCATALOG_COMPILER_GLOBAL_ACCENT_COLOR_NAME = AccentColor;
				CODE_SIGN_STYLE = Automatic;
				CURRENT_PROJECT_VERSION = 1;
				DEVELOPMENT_TEAM = 2V54FBNXT7;
				GENERATE_INFOPLIST_FILE = YES;
				INFOPLIST_FILE = WordleClone/Info.plist;
				INFOPLIST_KEY_UIApplicationSupportsIndirectInputEvents = YES;
				INFOPLIST_KEY_UILaunchStoryboardName = LaunchScreen;
				INFOPLIST_KEY_UISupportedInterfaceOrientations_iPad = "UIInterfaceOrientationPortrait UIInterfaceOrientationPortraitUpsideDown UIInterfaceOrientationLandscapeLeft UIInterfaceOrientationLandscapeRight";
				INFOPLIST_KEY_UISupportedInterfaceOrientations_iPhone = "UIInterfaceOrientationPortrait UIInterfaceOrientationLandscapeLeft UIInterfaceOrientationLandscapeRight";
				LD_RUNPATH_SEARCH_PATHS = (
					"$(inherited)",
					"@executable_path/Frameworks",
				);
				MARKETING_VERSION = 1.0;
				PRODUCT_BUNDLE_IDENTIFIER = juhaszistvan.WordleClone;
				PRODUCT_NAME = "$(TARGET_NAME)";
				SWIFT_EMIT_LOC_STRINGS = YES;
				SWIFT_VERSION = 5.0;
				TARGETED_DEVICE_FAMILY = "1,2";
			};
			name = Release;
		};
/* End XCBuildConfiguration section */

/* Begin XCConfigurationList section */
		B744C06F295B92B400C046C1 /* Build configuration list for PBXProject "WordleClone" */ = {
			isa = XCConfigurationList;
			buildConfigurations = (
				B744C086295B92B500C046C1 /* Debug */,
				B744C087295B92B500C046C1 /* Release */,
			);
			defaultConfigurationIsVisible = 0;
			defaultConfigurationName = Release;
		};
		B744C088295B92B500C046C1 /* Build configuration list for PBXNativeTarget "WordleClone" */ = {
			isa = XCConfigurationList;
			buildConfigurations = (
				B744C089295B92B500C046C1 /* Debug */,
				B744C08A295B92B500C046C1 /* Release */,
			);
			defaultConfigurationIsVisible = 0;
			defaultConfigurationName = Release;
		};
/* End XCConfigurationList section */
	};
	rootObject = B744C06C295B92B400C046C1 /* Project object */;
}
